
Microsoft Visual Studio Solution File, Format Version 12.00
# Visual Studio Version 16
VisualStudioVersion = 16.0.32428.217
MinimumVisualStudioVersion = 10.0.40219.1
Project("{FAE04EC0-301F-11D3-BF4B-00C04F79EFBC}") = "Consolme0817", "Consolme0817\Consolme0817.csproj", "{7655A17A-7498-4749-BA56-699775B7F0EA}"
EndProject
Global
	GlobalSection(SolutionConfigurationPlatforms) = preSolution
		Debug|Any CPU = Debug|Any CPU
		Release|Any CPU = Release|Any CPU
	EndGlobalSection
	GlobalSection(ProjectConfigurationPlatforms) = postSolution
		{7655A17A-7498-4749-BA56-699775B7F0EA}.Debug|Any CPU.ActiveCfg = Debug|Any CPU
		{7655A17A-7498-4749-BA56-699775B7F0EA}.Debug|Any CPU.Build.0 = Debug|Any CPU
		{7655A17A-7498-4749-BA56-699775B7F0EA}.Release|Any CPU.ActiveCfg = Release|Any CPU
		{7655A17A-7498-4749-BA56-699775B7F0EA}.Release|Any CPU.Build.0 = Release|Any CPU
	EndGlobalSection
	GlobalSection(SolutionProperties) = preSolution
		HideSolutionNode = FALSE
	EndGlobalSection
	GlobalSection(ExtensibilityGlobals) = postSolution
		SolutionGuid = {60B9FCDE-981C-4047-AF19-4D727EBF8B99}
	EndGlobalSection
EndGlobal
